// !$*UTF8*$!
{
    archiveVersion = 1;
    classes = {
    };
    objectVersion = 77;
    objects = {

/* Begin PBXFileReference section */
        B76FD3972F63F32D0073184E /* PawPing.app */ = {isa = PBXFileReference; explicitFileType = wrapper.application; includeInIndex = 0; path = PawPing.app; sourceTree = BUILT_PRODUCTS_DIR; };
/* End PBXFileReference section */

/* Begin PBXFileSystemSynchronizedRootGroup section */
        B76A5F4A2F1DEA7400B89ED9 /* PawPing */ = {
            isa = PBXFileSystemSynchronizedRootGroup;
            path = PawPing;
            sourceTree = "<group>";
        };
/* End PBXFileSystemSynchronizedRootGroup section */

/* Begin PBXFrameworksBuildPhase section */
        B76A5F452F1DEA7400B89ED9 /* Frameworks */ = {
            isa = PBXFrameworksBuildPhase;
            buildActionMask = 2147483647;
            files = (
            );
            runOnlyForDeploymentPostprocessing = 0;
        };
/* End PBXFrameworksBuildPhase section */

/* Begin PBXGroup section */
        B76A5F3F2F1DEA7400B89ED9 = {
            isa = PBXGroup;
            children = (
                B76A5F4A2F1DEA7400B89ED9 /* PawPing */,
                B76FD2B72F63D0AD0073184E /* Activity Tab */,
                B76FD2BD2F63DF3B0073184E /* Care Tab */,
                B76FD3972F63F32D0073184E /* PawPing.app */,
            );
            sourceTree = "<group>";
        };
/* End PBXGroup section */

/* Begin PBXNativeTarget section */
        B76A5F472F1DEA7400B89ED9 /* PawPing */ = {
            isa = PBXNativeTarget;
            buildConfigurationList = B76A5F532F1DEA7500B89ED9 /* Build configuration list for PBXNativeTarget "PawPing" */;
            buildPhases = (
                B76A5F442F1DEA7400B89ED9 /* Sources */,
                B76A5F452F1DEA7400B89ED9 /* Frameworks */,
                B76A5F462F1DEA7400B89ED9 /* Resources */,
            );
            buildRules = (
            );
            dependencies = (
            );
            fileSystemSynchronizedGroups = (
                B76A5F4A2F1DEA7400B89ED9 /* PawPing */,
            );
            name = PawPing;
            packageProductDependencies = (
            );
            productName = PawPing;
            productReference = B76FD3972F63F32D0073184E /* PawPing.app */;
            productType = "com.apple.product-type.application";
        };
/* End PBXNativeTarget section */
